
Microsoft Visual Studio Solution File, Format Version 12.00
# Visual Studio Version 17
VisualStudioVersion = 17.4.33403.182
MinimumVisualStudioVersion = 15.0.26124.0
Project("{2150E333-8FDC-42A3-9474-1A3956D46DE8}") = "src", "src", "{1B2039DC-9BFD-4FFE-93EF-F5BCA8A0827B}"
EndProject
Project("{9A19103F-16F7-4668-BE54-9A1E7A4F7556}") = "PwSafeClient.CLI", "src\PwSafeClient.CLI\PwSafeClient.CLI.csproj", "{011D9C56-5DD1-4787-BF7F-2833E28C00C4}"
EndProject
Project("{9A19103F-16F7-4668-BE54-9A1E7A4F7556}") = "PwSafeClient.Shared", "src\PwSafeClient.Shared\PwSafeClient.Shared.csproj", "{31BFDF5D-838D-4B51-8DE7-DD81E0D5737D}"
EndProject
Project("{2150E333-8FDC-42A3-9474-1A3956D46DE8}") = "test", "test", "{F068ADF7-D333-4656-B1D2-7B8EE73BE9DF}"
EndProject
Project("{FAE04EC0-301F-11D3-BF4B-00C04F79EFBC}") = "PwSafeClient.Shared.UnitTests", "test\PwSafeClient.Shared.UnitTests\PwSafeClient.Shared.UnitTests.csproj", "{7DC26EB8-5929-4F34-B2AC-A09C7ADFDC8B}"
EndProject
Project("{FAE04EC0-301F-11D3-BF4B-00C04F79EFBC}") = "PwSafeClient.Maui", "src\PwSafeClient.Maui\PwSafeClient.Maui.csproj", "{C1D00F44-9C67-490C-B02A-223EF966C23A}"
EndProject
Project("{FAE04EC0-301F-11D3-BF4B-00C04F79EFBC}") = "PwSafeClient.AppCore", "src\PwSafeClient.AppCore\PwSafeClient.AppCore.csproj", "{C8F86BA4-9900-4197-9D83-0177F9E2833B}"
Project("{FAE04EC0-301F-11D3-BF4B-00C04F79EFBC}") = "PwSafeClient.CLI.UnitTests", "test\PwSafeClient.CLI.UnitTests\PwSafeClient.CLI.UnitTests.csproj", "{7085EA4C-3026-4D16-BE85-9BD22B6F785E}"
EndProject
Global
	GlobalSection(SolutionConfigurationPlatforms) = preSolution
		Debug|Any CPU = Debug|Any CPU
		Debug|x64 = Debug|x64
		Debug|x86 = Debug|x86
		Release|Any CPU = Release|Any CPU
		Release|x64 = Release|x64
		Release|x86 = Release|x86
	EndGlobalSection
	GlobalSection(ProjectConfigurationPlatforms) = postSolution
		{011D9C56-5DD1-4787-BF7F-2833E28C00C4}.Debug|Any CPU.ActiveCfg = Debug|Any CPU
		{011D9C56-5DD1-4787-BF7F-2833E28C00C4}.Debug|Any CPU.Build.0 = Debug|Any CPU
		{011D9C56-5DD1-4787-BF7F-2833E28C00C4}.Debug|x64.ActiveCfg = Debug|Any CPU
		{011D9C56-5DD1-4787-BF7F-2833E28C00C4}.Debug|x64.Build.0 = Debug|Any CPU
		{011D9C56-5DD1-4787-BF7F-2833E28C00C4}.Debug|x86.ActiveCfg = Debug|Any CPU
		{011D9C56-5DD1-4787-BF7F-2833E28C00C4}.Debug|x86.Build.0 = Debug|Any CPU
		{011D9C56-5DD1-4787-BF7F-2833E28C00C4}.Release|Any CPU.ActiveCfg = Release|Any CPU
		{011D9C56-5DD1-4787-BF7F-2833E28C00C4}.Release|Any CPU.Build.0 = Release|Any CPU
		{011D9C56-5DD1-4787-BF7F-2833E28C00C4}.Release|x64.ActiveCfg = Release|Any CPU
		{011D9C56-5DD1-4787-BF7F-2833E28C00C4}.Release|x64.Build.0 = Release|Any CPU
		{011D9C56-5DD1-4787-BF7F-2833E28C00C4}.Release|x86.ActiveCfg = Release|Any CPU
		{011D9C56-5DD1-4787-BF7F-2833E28C00C4}.Release|x86.Build.0 = Release|Any CPU
		{31BFDF5D-838D-4B51-8DE7-DD81E0D5737D}.Debug|Any CPU.ActiveCfg = Debug|Any CPU
		{31BFDF5D-838D-4B51-8DE7-DD81E0D5737D}.Debug|Any CPU.Build.0 = Debug|Any CPU
		{31BFDF5D-838D-4B51-8DE7-DD81E0D5737D}.Debug|x64.ActiveCfg = Debug|Any CPU
		{31BFDF5D-838D-4B51-8DE7-DD81E0D5737D}.Debug|x64.Build.0 = Debug|Any CPU
		{31BFDF5D-838D-4B51-8DE7-DD81E0D5737D}.Debug|x86.ActiveCfg = Debug|Any CPU
		{31BFDF5D-838D-4B51-8DE7-DD81E0D5737D}.Debug|x86.Build.0 = Debug|Any CPU
		{31BFDF5D-838D-4B51-8DE7-DD81E0D5737D}.Release|Any CPU.ActiveCfg = Release|Any CPU
		{31BFDF5D-838D-4B51-8DE7-DD81E0D5737D}.Release|Any CPU.Build.0 = Release|Any CPU
		{31BFDF5D-838D-4B51-8DE7-DD81E0D5737D}.Release|x64.ActiveCfg = Release|Any CPU
		{31BFDF5D-838D-4B51-8DE7-DD81E0D5737D}.Release|x64.Build.0 = Release|Any CPU
		{31BFDF5D-838D-4B51-8DE7-DD81E0D5737D}.Release|x86.ActiveCfg = Release|Any CPU
		{31BFDF5D-838D-4B51-8DE7-DD81E0D5737D}.Release|x86.Build.0 = Release|Any CPU
		{7DC26EB8-5929-4F34-B2AC-A09C7ADFDC8B}.Debug|Any CPU.ActiveCfg = Debug|Any CPU
		{7DC26EB8-5929-4F34-B2AC-A09C7ADFDC8B}.Debug|Any CPU.Build.0 = Debug|Any CPU
		{7DC26EB8-5929-4F34-B2AC-A09C7ADFDC8B}.Debug|x64.ActiveCfg = Debug|Any CPU
		{7DC26EB8-5929-4F34-B2AC-A09C7ADFDC8B}.Debug|x64.Build.0 = Debug|Any CPU
		{7DC26EB8-5929-4F34-B2AC-A09C7ADFDC8B}.Debug|x86.ActiveCfg = Debug|Any CPU
		{7DC26EB8-5929-4F34-B2AC-A09C7ADFDC8B}.Debug|x86.Build.0 = Debug|Any CPU
		{7DC26EB8-5929-4F34-B2AC-A09C7ADFDC8B}.Release|Any CPU.ActiveCfg = Release|Any CPU
		{7DC26EB8-5929-4F34-B2AC-A09C7ADFDC8B}.Release|Any CPU.Build.0 = Release|Any CPU
		{7DC26EB8-5929-4F34-B2AC-A09C7ADFDC8B}.Release|x64.ActiveCfg = Release|Any CPU
		{7DC26EB8-5929-4F34-B2AC-A09C7ADFDC8B}.Release|x64.Build.0 = Release|Any CPU
		{7DC26EB8-5929-4F34-B2AC-A09C7ADFDC8B}.Release|x86.ActiveCfg = Release|Any CPU
		{7DC26EB8-5929-4F34-B2AC-A09C7ADFDC8B}.Release|x86.Build.0 = Release|Any CPU
		{C1D00F44-9C67-490C-B02A-223EF966C23A}.Debug|Any CPU.ActiveCfg = Debug|Any CPU
		{C1D00F44-9C67-490C-B02A-223EF966C23A}.Debug|Any CPU.Build.0 = Debug|Any CPU
		{C1D00F44-9C67-490C-B02A-223EF966C23A}.Debug|x64.ActiveCfg = Debug|Any CPU
		{C1D00F44-9C67-490C-B02A-223EF966C23A}.Debug|x64.Build.0 = Debug|Any CPU
		{C1D00F44-9C67-490C-B02A-223EF966C23A}.Debug|x86.ActiveCfg = Debug|Any CPU
		{C1D00F44-9C67-490C-B02A-223EF966C23A}.Debug|x86.Build.0 = Debug|Any CPU
		{C1D00F44-9C67-490C-B02A-223EF966C23A}.Release|Any CPU.ActiveCfg = Release|Any CPU
		{C1D00F44-9C67-490C-B02A-223EF966C23A}.Release|Any CPU.Build.0 = Release|Any CPU
		{C1D00F44-9C67-490C-B02A-223EF966C23A}.Release|x64.ActiveCfg = Release|Any CPU
		{C1D00F44-9C67-490C-B02A-223EF966C23A}.Release|x64.Build.0 = Release|Any CPU
		{C1D00F44-9C67-490C-B02A-223EF966C23A}.Release|x86.ActiveCfg = Release|Any CPU
		{C1D00F44-9C67-490C-B02A-223EF966C23A}.Release|x86.Build.0 = Release|Any CPU
		{C8F86BA4-9900-4197-9D83-0177F9E2833B}.Debug|Any CPU.ActiveCfg = Debug|Any CPU
		{C8F86BA4-9900-4197-9D83-0177F9E2833B}.Debug|Any CPU.Build.0 = Debug|Any CPU
		{C8F86BA4-9900-4197-9D83-0177F9E2833B}.Debug|x64.ActiveCfg = Debug|Any CPU
		{C8F86BA4-9900-4197-9D83-0177F9E2833B}.Debug|x64.Build.0 = Debug|Any CPU
		{C8F86BA4-9900-4197-9D83-0177F9E2833B}.Debug|x86.ActiveCfg = Debug|Any CPU
		{C8F86BA4-9900-4197-9D83-0177F9E2833B}.Debug|x86.Build.0 = Debug|Any CPU
		{C8F86BA4-9900-4197-9D83-0177F9E2833B}.Release|Any CPU.ActiveCfg = Release|Any CPU
		{C8F86BA4-9900-4197-9D83-0177F9E2833B}.Release|Any CPU.Build.0 = Release|Any CPU
		{C8F86BA4-9900-4197-9D83-0177F9E2833B}.Release|x64.ActiveCfg = Release|Any CPU
		{C8F86BA4-9900-4197-9D83-0177F9E2833B}.Release|x64.Build.0 = Release|Any CPU
		{C8F86BA4-9900-4197-9D83-0177F9E2833B}.Release|x86.ActiveCfg = Release|Any CPU
		{C8F86BA4-9900-4197-9D83-0177F9E2833B}.Release|x86.Build.0 = Release|Any CPU
		{7085EA4C-3026-4D16-BE85-9BD22B6F785E}.Debug|Any CPU.ActiveCfg = Debug|Any CPU
		{7085EA4C-3026-4D16-BE85-9BD22B6F785E}.Debug|Any CPU.Build.0 = Debug|Any CPU
		{7085EA4C-3026-4D16-BE85-9BD22B6F785E}.Debug|x64.ActiveCfg = Debug|Any CPU
		{7085EA4C-3026-4D16-BE85-9BD22B6F785E}.Debug|x64.Build.0 = Debug|Any CPU
		{7085EA4C-3026-4D16-BE85-9BD22B6F785E}.Debug|x86.ActiveCfg = Debug|Any CPU
		{7085EA4C-3026-4D16-BE85-9BD22B6F785E}.Debug|x86.Build.0 = Debug|Any CPU
		{7085EA4C-3026-4D16-BE85-9BD22B6F785E}.Release|Any CPU.ActiveCfg = Release|Any CPU
		{7085EA4C-3026-4D16-BE85-9BD22B6F785E}.Release|Any CPU.Build.0 = Release|Any CPU
		{7085EA4C-3026-4D16-BE85-9BD22B6F785E}.Release|x64.ActiveCfg = Release|Any CPU
		{7085EA4C-3026-4D16-BE85-9BD22B6F785E}.Release|x64.Build.0 = Release|Any CPU
		{7085EA4C-3026-4D16-BE85-9BD22B6F785E}.Release|x86.ActiveCfg = Release|Any CPU
		{7085EA4C-3026-4D16-BE85-9BD22B6F785E}.Release|x86.Build.0 = Release|Any CPU
	EndGlobalSection
	GlobalSection(SolutionProperties) = preSolution
		HideSolutionNode = FALSE
	EndGlobalSection
	GlobalSection(NestedProjects) = preSolution
		{011D9C56-5DD1-4787-BF7F-2833E28C00C4} = {1B2039DC-9BFD-4FFE-93EF-F5BCA8A0827B}
		{31BFDF5D-838D-4B51-8DE7-DD81E0D5737D} = {1B2039DC-9BFD-4FFE-93EF-F5BCA8A0827B}
		{7DC26EB8-5929-4F34-B2AC-A09C7ADFDC8B} = {F068ADF7-D333-4656-B1D2-7B8EE73BE9DF}
		{C1D00F44-9C67-490C-B02A-223EF966C23A} = {1B2039DC-9BFD-4FFE-93EF-F5BCA8A0827B}
		{C8F86BA4-9900-4197-9D83-0177F9E2833B} = {1B2039DC-9BFD-4FFE-93EF-F5BCA8A0827B}
		{7085EA4C-3026-4D16-BE85-9BD22B6F785E} = {F068ADF7-D333-4656-B1D2-7B8EE73BE9DF}
	EndGlobalSection
	GlobalSection(ExtensibilityGlobals) = postSolution
		SolutionGuid = {0426BC53-12AF-4590-969B-AD4B7A5A2908}
	EndGlobalSection
EndGlobal
